<?xml version="1.0" encoding="utf-8"?>
<Project ToolsVersion="4.0" xmlns="http://schemas.microsoft.com/developer/msbuild/2003">
  <ItemGroup>
    <Filter Include="源文件">
      <UniqueIdentifier>{4FC737F1-C7A5-4376-A066-2A32D752A2FF}</UniqueIdentifier>
      <Extensions>cpp;c;cc;cxx;def;odl;idl;hpj;bat;asm;asmx</Extensions>
    </Filter>
    <Filter Include="头文件">
      <UniqueIdentifier>{93995380-89BD-4b04-88EB-625FBE52EBFB}</UniqueIdentifier>
      <Extensions>h;hh;hpp;hxx;hm;inl;inc;xsd</Extensions>
    </Filter>
    <Filter Include="资源文件">
      <UniqueIdentifier>{67DA6AB6-F800-4c08-8B7A-83BB121AAD01}</UniqueIdentifier>
      <Extensions>rc;ico;cur;bmp;dlg;rc2;rct;bin;rgs;gif;jpg;jpeg;jpe;resx;tiff;tif;png;wav;mfcribbon-ms</Extensions>
    </Filter>
    <Filter Include="生成的文件">
      <UniqueIdentifier>{36a53c49-071e-47fd-9844-d266a16794d4}</UniqueIdentifier>
      <SourceControlFiles>False</SourceControlFiles>
    </Filter>
  </ItemGroup>
  <ItemGroup>
    <ClCompile Include="stdafx.cpp">
      <Filter>源文件</Filter>
    </ClCompile>
    <ClCompile Include="HWCV_COM.cpp">
      <Filter>源文件</Filter>
    </ClCompile>
    <ClCompile Include="dllmain.cpp">
      <Filter>源文件</Filter>
    </ClCompile>
    <ClCompile Include="compreg.cpp">
      <Filter>源文件</Filter>
    </ClCompile>
    <ClCompile Include="HWCV_COM_i.c">
      <Filter>生成的文件</Filter>
    </ClCompile>
    <ClCompile Include="FirstClass.cpp">
      <Filter>源文件</Filter>
    </ClCompile>
    <ClCompile Include="DBop.cpp">
      <Filter>源文件</Filter>
    </ClCompile>
    <ClCompile Include="path.cpp">
      <Filter>源文件</Filter>
    </ClCompile>
    <ClCompile Include="process.cpp">
      <Filter>源文件</Filter>
    </ClCompile>
    <ClCompile Include="segmentation.cpp">
      <Filter>源文件</Filter>
    </ClCompile>
  </ItemGroup>
  <ItemGroup>
    <ClInclude Include="stdafx.h">
      <Filter>头文件</Filter>
    </ClInclude>
    <ClInclude Include="targetver.h">
      <Filter>头文件</Filter>
    </ClInclude>
    <ClInclude Include="Resource.h">
      <Filter>头文件</Filter>
    </ClInclude>
    <ClInclude Include="dllmain.h">
      <Filter>头文件</Filter>
    </ClInclude>
    <ClInclude Include="compreg.h">
      <Filter>头文件</Filter>
    </ClInclude>
    <ClInclude Include="HWCV_COM_i.h">
      <Filter>生成的文件</Filter>
    </ClInclude>
    <ClInclude Include="FirstClass.h">
      <Filter>头文件</Filter>
    </ClInclude>
    <ClInclude Include="DBop.h">
      <Filter>头文件</Filter>
    </ClInclude>
    <ClInclude Include="path.h">
      <Filter>头文件</Filter>
    </ClInclude>
    <ClInclude Include="Point.h">
      <Filter>头文件</Filter>
    </ClInclude>
    <ClInclude Include="process.h">
      <Filter>头文件</Filter>
    </ClInclude>
    <ClInclude Include="segmentation.h">
      <Filter>头文件</Filter>
    </ClInclude>
  </ItemGroup>
  <ItemGroup>
    <ResourceCompile Include="HWCV_COM.rc">
      <Filter>资源文件</Filter>
    </ResourceCompile>
  </ItemGroup>
  <ItemGroup>
    <Text Include="ReadMe.txt" />
  </ItemGroup>
  <ItemGroup>
    <None Include="HWCV_COM.rgs">
      <Filter>资源文件</Filter>
    </None>
    <None Include="HWCV_COM.def">
      <Filter>源文件</Filter>
    </None>
    <None Include="FirstClass.rgs">
      <Filter>资源文件</Filter>
    </None>
  </ItemGroup>
  <ItemGroup>
    <Midl Include="HWCV_COM.idl">
      <Filter>源文件</Filter>
    </Midl>
  </ItemGroup>
</Project>