<?xml version="1.0" encoding="utf-8"?>
<Project ToolsVersion="4.0" xmlns="http://schemas.microsoft.com/developer/msbuild/2003">
  <ItemGroup>
    <Filter Include="Source Files">
      <UniqueIdentifier>{5132bb21-0ec3-411b-8a1b-91890205e9e8}</UniqueIdentifier>
      <Extensions>cpp;c;cxx;rc;def;r;odl;idl;hpj;bat</Extensions>
    </Filter>
    <Filter Include="Header Files">
      <UniqueIdentifier>{0146cd25-bd07-4b86-90b5-8a28a4b87af1}</UniqueIdentifier>
      <Extensions>h;hpp;hxx;hm;inl</Extensions>
    </Filter>
    <Filter Include="Resource Files">
      <UniqueIdentifier>{7d418a22-acbe-42ad-9b5f-bba6e2b4b2be}</UniqueIdentifier>
      <Extensions>ico;cur;bmp;dlg;rc2;rct;bin;rgs;gif;jpg;jpeg;jpe</Extensions>
    </Filter>
  </ItemGroup>
  <ItemGroup>
    <ClCompile Include="binary.cpp">
      <Filter>Source Files</Filter>
    </ClCompile>
    <ClCompile Include="Cjbsb.cpp">
      <Filter>Source Files</Filter>
    </ClCompile>
    <ClCompile Include="Cword.cpp">
      <Filter>Source Files</Filter>
    </ClCompile>
    <ClCompile Include="getFiles.cpp">
      <Filter>Source Files</Filter>
    </ClCompile>
    <ClCompile Include="getFloders.cpp">
      <Filter>Source Files</Filter>
    </ClCompile>
    <ClCompile Include="getType.cpp">
      <Filter>Source Files</Filter>
    </ClCompile>
    <ClCompile Include="gif2ipl.cpp">
      <Filter>Source Files</Filter>
    </ClCompile>
    <ClCompile Include="outline.cpp">
      <Filter>Source Files</Filter>
    </ClCompile>
    <ClCompile Include="outlinefeature.cpp">
      <Filter>Source Files</Filter>
    </ClCompile>
    <ClCompile Include="read_scanf.cpp">
      <Filter>Source Files</Filter>
    </ClCompile>
    <ClCompile Include="segmentation.cpp">
      <Filter>Source Files</Filter>
    </ClCompile>
    <ClCompile Include="singlefeature.cpp">
      <Filter>Source Files</Filter>
    </ClCompile>
    <ClCompile Include="Thinner.cpp">
      <Filter>Source Files</Filter>
    </ClCompile>
    <ClCompile Include="worddivide.cpp">
      <Filter>Source Files</Filter>
    </ClCompile>
    <ClCompile Include="wordrecognize.cpp">
      <Filter>Source Files</Filter>
    </ClCompile>
  </ItemGroup>
  <ItemGroup>
    <ClInclude Include="Cword.h">
      <Filter>Header Files</Filter>
    </ClInclude>
    <ClInclude Include="FreeImage.h">
      <Filter>Header Files</Filter>
    </ClInclude>
    <ClInclude Include="Point.h">
      <Filter>Header Files</Filter>
    </ClInclude>
    <ClInclude Include="Thinner.h">
      <Filter>Header Files</Filter>
    </ClInclude>
  </ItemGroup>
  <ItemGroup>
    <CustomBuild Include="HWCV.def">
      <Filter>Header Files</Filter>
    </CustomBuild>
    <CustomBuild Include="ReadMe.txt" />
  </ItemGroup>
</Project>