<?xml version="1.0" encoding="utf-8"?>
<Project ToolsVersion="4.0" xmlns="http://schemas.microsoft.com/developer/msbuild/2003">
  <ItemGroup>
    <Filter Include="源文件">
      <UniqueIdentifier>{63d4a2eb-8f6b-4201-aa10-4c4f61883cb8}</UniqueIdentifier>
    </Filter>
    <Filter Include="生成的文件">
      <UniqueIdentifier>{56b6970f-a8df-4e7d-ab83-074695ef9f2a}</UniqueIdentifier>
      <SourceControlFiles>False</SourceControlFiles>
    </Filter>
  </ItemGroup>
  <ItemGroup>
    <None Include="HWCVDLL2ps.def" />
  </ItemGroup>
  <ItemGroup>
    <ClCompile Include="HWCVDLL2_i.c">
      <Filter>生成的文件</Filter>
    </ClCompile>
    <ClCompile Include="HWCVDLL2_p.c">
      <Filter>生成的文件</Filter>
    </ClCompile>
    <ClCompile Include="dlldata.c">
      <Filter>生成的文件</Filter>
    </ClCompile>
  </ItemGroup>
</Project>